{
  "version": 4,
  "terraform_version": "1.5.7",
  "serial": 41,
  "lineage": "8e66123c-7f25-c74a-e6fe-7daa313e8e34",
  "outputs": {},
  "resources": [
    {
      "module": "module.github_repository",
      "mode": "managed",
      "type": "github_repository",
      "name": "this",
      "provider": "module.github_repository.provider[\"registry.terraform.io/integrations/github\"]",
      "instances": [
        {
          "schema_version": 1,
          "attributes": {
            "allow_auto_merge": false,
            "allow_merge_commit": true,
            "allow_rebase_merge": true,
            "allow_squash_merge": true,
            "allow_update_branch": false,
            "archive_on_destroy": null,
            "archived": false,
            "auto_init": true,
            "default_branch": "main",
            "delete_branch_on_merge": false,
            "description": "",
            "etag": "W/\"613a0360f23852c0156944bc1ee4cda6830121c4aa6f9086ca0666f0ef913782\"",
            "full_name": "olegign82/flux-gitops-82",
            "git_clone_url": "git://github.com/olegign82/flux-gitops-82.git",
            "gitignore_template": null,
            "has_discussions": false,
            "has_downloads": false,
            "has_issues": false,
            "has_projects": false,
            "has_wiki": false,
            "homepage_url": "",
            "html_url": "https://github.com/olegign82/flux-gitops-82",
            "http_clone_url": "https://github.com/olegign82/flux-gitops-82.git",
            "id": "flux-gitops-82",
            "ignore_vulnerability_alerts_during_read": null,
            "is_template": false,
            "license_template": null,
            "merge_commit_message": "PR_TITLE",
            "merge_commit_title": "MERGE_MESSAGE",
            "name": "flux-gitops-82",
            "node_id": "R_kgDOMpO3wA",
            "pages": [],
            "primary_language": "",
            "private": true,
            "repo_id": 848541632,
            "security_and_analysis": [],
            "squash_merge_commit_message": "COMMIT_MESSAGES",
            "squash_merge_commit_title": "COMMIT_OR_PR_TITLE",
            "ssh_clone_url": "git@github.com:olegign82/flux-gitops-82.git",
            "svn_url": "https://github.com/olegign82/flux-gitops-82",
            "template": [],
            "topics": [],
            "visibility": "private",
            "vulnerability_alerts": false,
            "web_commit_signoff_required": false
          },
          "sensitive_attributes": [],
          "private": "eyJzY2hlbWFfdmVyc2lvbiI6IjEifQ=="
        }
      ]
    },
    {
      "module": "module.github_repository",
      "mode": "managed",
      "type": "github_repository_deploy_key",
      "name": "this",
      "provider": "module.github_repository.provider[\"registry.terraform.io/integrations/github\"]",
      "instances": [
        {
          "schema_version": 0,
          "attributes": {
            "etag": "W/\"b7c75aa75bad5348a86a9ebf90333e1508462fb770131f50774472b8ffc27bf9\"",
            "id": "flux-gitops-82:107231313",
            "key": "ecdsa-sha2-nistp256 AAAAE2VjZHNhLXNoYTItbmlzdHAyNTYAAAAIbmlzdHAyNTYAAABBBKu34WxPKszu6H9+torW0ScedsMq8uFz8qxIsyUkiikntPf6U0ln3DGAyNjbZSzxwqBOMDoUbKTsyYKmiLJQCeY=",
            "read_only": false,
            "repository": "flux-gitops-82",
            "title": "flux-ssh-pub"
          },
          "sensitive_attributes": [
            [
              {
                "type": "get_attr",
                "value": "key"
              }
            ]
          ],
          "private": "bnVsbA==",
          "dependencies": [
            "module.github_repository.github_repository.this",
            "module.tls_private_key.tls_private_key.this"
          ]
        }
      ]
    },
    {
      "module": "module.gke_cluster",
      "mode": "managed",
      "type": "google_container_cluster",
      "name": "this",
      "provider": "module.gke_cluster.provider[\"registry.terraform.io/hashicorp/google\"]",
      "instances": []
    },
    {
      "module": "module.gke_cluster",
      "mode": "managed",
      "type": "google_container_node_pool",
      "name": "this",
      "provider": "module.gke_cluster.provider[\"registry.terraform.io/hashicorp/google\"]",
      "instances": []
    },
    {
      "module": "module.gke_cluster",
      "mode": "managed",
      "type": "local_file",
      "name": "kubeconfig",
      "provider": "provider[\"registry.terraform.io/hashicorp/local\"]",
      "instances": []
    },
    {
      "module": "module.tls_private_key",
      "mode": "managed",
      "type": "tls_private_key",
      "name": "this",
      "provider": "provider[\"registry.terraform.io/hashicorp/tls\"]",
      "instances": [
        {
          "schema_version": 1,
          "attributes": {
            "algorithm": "ECDSA",
            "ecdsa_curve": "P256",
            "id": "1e7adfaafaabb2b8c4cb07a28b4daaca5ae335c4",
            "private_key_openssh": "-----BEGIN OPENSSH PRIVATE KEY-----\nb3BlbnNzaC1rZXktdjEAAAAABG5vbmUAAAAEbm9uZQAAAAAAAAABAAAAaAAAABNl\nY2RzYS1zaGEyLW5pc3RwMjU2AAAACG5pc3RwMjU2AAAAQQSrt+FsTyrM7uh/fraK\n1tEnHnbDKvLhc/KsSLMlJIopJ7T3+lNJZ9wxgMjY22Us8cKgTjA6FGyk7MmCpoiy\nUAnmAAAAmLukGr27pBq9AAAAE2VjZHNhLXNoYTItbmlzdHAyNTYAAAAIbmlzdHAy\nNTYAAABBBKu34WxPKszu6H9+torW0ScedsMq8uFz8qxIsyUkiikntPf6U0ln3DGA\nyNjbZSzxwqBOMDoUbKTsyYKmiLJQCeYAAAAgHl5bdMHm3pD7AmFXKgUkXH9pS9Lo\netxPE0IWkgQ0zkoAAAAA\n-----END OPENSSH PRIVATE KEY-----\n",
            "private_key_pem": "-----BEGIN EC PRIVATE KEY-----\nMHcCAQEEIB5eW3TB5t6Q+wJhVyoFJFx/aUvS6HrcTxNCFpIENM5KoAoGCCqGSM49\nAwEHoUQDQgAEq7fhbE8qzO7of362itbRJx52wyry4XPyrEizJSSKKSe09/pTSWfc\nMYDI2NtlLPHCoE4wOhRspOzJgqaIslAJ5g==\n-----END EC PRIVATE KEY-----\n",
            "private_key_pem_pkcs8": "-----BEGIN PRIVATE KEY-----\nMIGHAgEAMBMGByqGSM49AgEGCCqGSM49AwEHBG0wawIBAQQgHl5bdMHm3pD7AmFX\nKgUkXH9pS9LoetxPE0IWkgQ0zkqhRANCAASrt+FsTyrM7uh/fraK1tEnHnbDKvLh\nc/KsSLMlJIopJ7T3+lNJZ9wxgMjY22Us8cKgTjA6FGyk7MmCpoiyUAnm\n-----END PRIVATE KEY-----\n",
            "public_key_fingerprint_md5": "72:d8:7d:f7:38:a2:54:e9:23:a0:5e:91:6f:2d:1f:91",
            "public_key_fingerprint_sha256": "SHA256:yjGZzffRSetId9EkdxEsiYwB9iPwINoOiZtMPKMDRnY",
            "public_key_openssh": "ecdsa-sha2-nistp256 AAAAE2VjZHNhLXNoYTItbmlzdHAyNTYAAAAIbmlzdHAyNTYAAABBBKu34WxPKszu6H9+torW0ScedsMq8uFz8qxIsyUkiikntPf6U0ln3DGAyNjbZSzxwqBOMDoUbKTsyYKmiLJQCeY=\n",
            "public_key_pem": "-----BEGIN PUBLIC KEY-----\nMFkwEwYHKoZIzj0CAQYIKoZIzj0DAQcDQgAEq7fhbE8qzO7of362itbRJx52wyry\n4XPyrEizJSSKKSe09/pTSWfcMYDI2NtlLPHCoE4wOhRspOzJgqaIslAJ5g==\n-----END PUBLIC KEY-----\n",
            "rsa_bits": 2048
          },
          "sensitive_attributes": []
        }
      ]
    }
  ],
  "check_results": null
}
